// !$*UTF8*$!
{
	archiveVersion = 1;
	classes = {
	};
	objectVersion = 50;
	objects = {

/* Begin PBXBuildFile section */
		31D25FB826D8A80D00A65E6A /* AppDelegate.swift in Sources */ = {isa = PBXBuildFile; fileRef = 31D25FB726D8A80D00A65E6A /* AppDelegate.swift */; };
		31D25FBA26D8A80D00A65E6A /* SceneDelegate.swift in Sources */ = {isa = PBXBuildFile; fileRef = 31D25FB926D8A80D00A65E6A /* SceneDelegate.swift */; };
		31D25FBC26D8A80D00A65E6A /* ViewController.swift in Sources */ = {isa = PBXBuildFile; fileRef = 31D25FBB26D8A80D00A65E6A /* ViewController.swift */; };
		31D25FBF26D8A80D00A65E6A /* Main.storyboard in Resources */ = {isa = PBXBuildFile; fileRef = 31D25FBD26D8A80D00A65E6A /* Main.storyboard */; };
		31D25FC126D8A81200A65E6A /* Assets.xcassets in Resources */ = {isa = PBXBuildFile; fileRef = 31D25FC026D8A81200A65E6A /* Assets.xcassets */; };
		31D25FC426D8A81200A65E6A /* LaunchScreen.storyboard in Resources */ = {isa = PBXBuildFile; fileRef = 31D25FC226D8A81200A65E6A /* LaunchScreen.storyboard */; };
		31D25FCF26D8A81300A65E6A /* PreworkTests.swift in Sources */ = {isa = PBXBuildFile; fileRef = 31D25FCE26D8A81300A65E6A /* PreworkTests.swift */; };
		31D25FDA26D8A81300A65E6A /* PreworkUITests.swift in Sources */ = {isa = PBXBuildFile; fileRef = 31D25FD926D8A81300A65E6A /* PreworkUITests.swift */; };
/* End PBXBuildFile section */

/* Begin PBXContainerItemProxy section */
		31D25FCB26D8A81300A65E6A /* PBXContainerItemProxy */ = {
			isa = PBXContainerItemProxy;
			containerPortal = 31D25FAC26D8A80D00A65E6A /* Project object */;
			proxyType = 1;
			remoteGlobalIDString = 31D25FB326D8A80D00A65E6A;
			remoteInfo = Prework;
		};
		31D25FD626D8A81300A65E6A /* PBXContainerItemProxy */ = {
			isa = PBXContainerItemProxy;
			containerPortal = 31D25FAC26D8A80D00A65E6A /* Project object */;
			proxyType = 1;
			remoteGlobalIDString = 31D25FB326D8A80D00A65E6A;
			remoteInfo = Prework;
		};
/* End PBXContainerItemProxy section */

/* Begin PBXFileReference section */
		31D25FB426D8A80D00A65E6A /* Prework.app */ = {isa = PBXFileReference; explicitFileType = wrapper.application; includeInIndex = 0; path = Prework.app; sourceTree = BUILT_PRODUCTS_DIR; };
		31D25FB726D8A80D00A65E6A /* AppDelegate.swift */ = {isa = PBXFileReference; lastKnownFileType = sourcecode.swift; path = AppDelegate.swift; sourceTree = "<group>"; };
		31D25FB926D8A80D00A65E6A /* SceneDelegate.swift */ = {isa = PBXFileReference; lastKnownFileType = sourcecode.swift; path = SceneDelegate.swift; sourceTree = "<group>"; };
		31D25FBB26D8A80D00A65E6A /* ViewController.swift */ = {isa = PBXFileReference; lastKnownFileType = sourcecode.swift; path = ViewController.swift; sourceTree = "<group>"; };
		31D25FBE26D8A80D00A65E6A /* Base */ = {isa = PBXFileReference; lastKnownFileType = file.storyboard; name = Base; path = Base.lproj/Main.storyboard; sourceTree = "<group>"; };
		31D25FC026D8A81200A65E6A /* Assets.xcassets */ = {isa = PBXFileReference; lastKnownFileType = folder.assetcatalog; path = Assets.xcassets; sourceTree = "<group>"; };
		31D25FC326D8A81200A65E6A /* Base */ = {isa = PBXFileReference; lastKnownFileType = file.storyboard; name = Base; path = Base.lproj/LaunchScreen.storyboard; sourceTree = "<group>"; };
		31D25FC526D8A81200A65E6A /* Info.plist */ = {isa = PBXFileReference; lastKnownFileType = text.plist.xml; path = Info.plist; sourceTree = "<group>"; };
		31D25FCA26D8A81300A65E6A /* PreworkTests.xctest */ = {isa = PBXFileReference; explicitFileType = wrapper.cfbundle; includeInIndex = 0; path = PreworkTests.xctest; sourceTree = BUILT_PRODUCTS_DIR; };
		31D25FCE26D8A81300A65E6A /* PreworkTests.swift */ = {isa = PBXFileReference; lastKnownFileType = sourcecode.swift; path = PreworkTests.swift; sourceTree = "<group>"; };
		31D25FD026D8A81300A65E6A /* Info.plist */ = {isa = PBXFileReference; lastKnownFileType = text.plist.xml; path = Info.plist; sourceTree = "<group>"; };
		31D25FD526D8A81300A65E6A /* PreworkUITests.xctest */ = {isa = PBXFileReference; explicitFileType = wrapper.cfbundle; includeInIndex = 0; path = PreworkUITests.xctest; sourceTree = BUILT_PRODUCTS_DIR; };
		31D25FD926D8A81300A65E6A /* PreworkUITests.swift */ = {isa = PBXFileReference; lastKnownFileType = sourcecode.swift; path = PreworkUITests.swift; sourceTree = "<group>"; };
		31D25FDB26D8A81300A65E6A /* Info.plist */ = {isa = PBXFileReference; lastKnownFileType = text.plist.xml; path = Info.plist; sourceTree = "<group>"; };
/* End PBXFileReference section */

/* Begin PBXFrameworksBuildPhase section */
		31D25FB126D8A80D00A65E6A /* Frameworks */ = {
			isa = PBXFrameworksBuildPhase;
			buildActionMask = 2147483647;
			files = (
			);
			runOnlyForDeploymentPostprocessing = 0;
		};
		31D25FC726D8A81300A65E6A /* Frameworks */ = {
			isa = PBXFrameworksBuildPhase;
			buildActionMask = 2147483647;
			files = (
			);
			runOnlyForDeploymentPostprocessing = 0;
		};
		31D25FD226D8A81300A65E6A /* Frameworks */ = {
			isa = PBXFrameworksBuildPhase;
			buildActionMask = 2147483647;
			files = (
			);
			runOnlyForDeploymentPostprocessing = 0;
		};
/* End PBXFrameworksBuildPhase section */

/* Begin PBXGroup section */
		31D25FAB26D8A80D00A65E6A = {
			isa = PBXGroup;
			children = (
				31D25FB626D8A80D00A65E6A /* Prework */,
				31D25FCD26D8A81300A65E6A /* PreworkTests */,
				31D25FD826D8A81300A65E6A /* PreworkUITests */,
				31D25FB526D8A80D00A65E6A /* Products */,
			);
			sourceTree = "<group>";
		};
		31D25FB526D8A80D00A65E6A /* Products */ = {
			isa = PBXGroup;
			children = (
				31D25FB426D8A80D00A65E6A /* Prework.app */,
				31D25FCA26D8A81300A65E6A /* PreworkTests.xctest */,
				31D25FD526D8A81300A65E6A /* PreworkUITests.xctest */,
			);
			name = Products;
			sourceTree = "<group>";
		};
		31D25FB626D8A80D00A65E6A /* Prework */ = {
			isa = PBXGroup;
			children = (
				31D25FB726D8A80D00A65E6A /* AppDelegate.swift */,
				31D25FB926D8A80D00A65E6A /* SceneDelegate.swift */,
				31D25FBB26D8A80D00A65E6A /* ViewController.swift */,
				31D25FBD26D8A80D00A65E6A /* Main.storyboard */,
				31D25FC026D8A81200A65E6A /* Assets.xcassets */,
				31D25FC226D8A81200A65E6A /* LaunchScreen.storyboard */,
				31D25FC526D8A81200A65E6A /* Info.plist */,
			);
			path = Prework;
			sourceTree = "<group>";
		};
		31D25FCD26D8A81300A65E6A /* PreworkTests */ = {
			isa = PBXGroup;
			children = (
				31D25FCE26D8A81300A65E6A /* PreworkTests.swift */,
				31D25FD026D8A81300A65E6A /* Info.plist */,
			);
			path = PreworkTests;
			sourceTree = "<group>";
		};
		31D25FD826D8A81300A65E6A /* PreworkUITests */ = {
			isa = PBXGroup;
			children = (
				31D25FD926D8A81300A65E6A /* PreworkUITests.swift */,
				31D25FDB26D8A81300A65E6A /* Info.plist */,
			);
			path = PreworkUITests;
			sourceTree = "<group>";
		};
/* End PBXGroup section */

/* Begin PBXNativeTarget section */
		31D25FB326D8A80D00A65E6A /* Prework */ = {
			isa = PBXNativeTarget;
			buildConfigurationList = 31D25FDE26D8A81300A65E6A /* Build configuration list for PBXNativeTarget "Prework" */;
			buildPhases = (
				31D25FB026D8A80D00A65E6A /* Sources */,
				31D25FB126D8A80D00A65E6A /* Frameworks */,
				31D25FB226D8A80D00A65E6A /* Resources */,
			);
			buildRules = (
			);
			dependencies = (
			);
			name = Prework;
			productName = Prework;
			productReference = 31D25FB426D8A80D00A65E6A /* Prework.app */;
			productType = "com.apple.product-type.application";
		};
		31D25FC926D8A81300A65E6A /* PreworkTests */ = {
			isa = PBXNativeTarget;
			buildConfigurationList = 31D25FE126D8A81300A65E6A /* Build configuration list for PBXNativeTarget "PreworkTests" */;
			buildPhases = (
				31D25FC626D8A81300A65E6A /* Sources */,
				31D25FC726D8A81300A65E6A /* Frameworks */,
				31D25FC826D8A81300A65E6A /* Resources */,
			);
			buildRules = (
			);
			dependencies = (
				31D25FCC26D8A81300A65E6A /* PBXTargetDependency */,
			);
			name = PreworkTests;
			productName = PreworkTests;
			productReference = 31D25FCA26D8A81300A65E6A /* PreworkTests.xctest */;
			productType = "com.apple.product-type.bundle.unit-test";
		};
		31D25FD426D8A81300A65E6A /* PreworkUITests */ = {
			isa = PBXNativeTarget;
			buildConfigurationList = 31D25FE426D8A81300A65E6A /* Build configuration list for PBXNativeTarget "PreworkUITests" */;
			buildPhases = (
				31D25FD126D8A81300A65E6A /* Sources */,
				31D25FD226D8A81300A65E6A /* Frameworks */,
				31D25FD326D8A81300A65E6A /* Resources */,
			);
			buildRules = (
			);
			dependencies = (
				31D25FD726D8A81300A65E6A /* PBXTargetDependency */,
			);
			name = PreworkUITests;
			productName = PreworkUITests;
			productReference = 31D25FD526D8A81300A65E6A /* PreworkUITests.xctest */;
			productType = "com.apple.product-type.bundle.ui-testing";
		};
/* End PBXNativeTarget section */

/* Begin PBXProject section */
		31D25FAC26D8A80D00A65E6A /* Project object */ = {
			isa = PBXProject;
			attributes = {
				LastSwiftUpdateCheck = 1250;
				LastUpgradeCheck = 1250;
				TargetAttributes = {
					31D25FB326D8A80D00A65E6A = {
						CreatedOnToolsVersion = 12.5.1;
					};
					31D25FC926D8A81300A65E6A = {
						CreatedOnToolsVersion = 12.5.1;
						TestTargetID = 31D25FB326D8A80D00A65E6A;
					};
					31D25FD426D8A81300A65E6A = {
						CreatedOnToolsVersion = 12.5.1;
						TestTargetID = 31D25FB326D8A80D00A65E6A;
					};
				};
			};
			buildConfigurationList = 31D25FAF26D8A80D00A65E6A /* Build configuration list for PBXProject "Prework" */;
			compatibilityVersion = "Xcode 9.3";
			developmentRegion = en;
			hasScannedForEncodings = 0;
			knownRegions = (
				en,
				Base,
			);
			mainGroup = 31D25FAB26D8A80D00A65E6A;
			productRefGroup = 31D25FB526D8A80D00A65E6A /* Products */;
			projectDirPath = "";
			projectRoot = "";
			targets = (
				31D25FB326D8A80D00A65E6A /* Prework */,
				31D25FC926D8A81300A65E6A /* PreworkTests */,
				31D25FD426D8A81300A65E6A /* PreworkUITests */,
			);
		};
/* End PBXProject section */

/* Begin PBXResourcesBuildPhase section */
		31D25FB226D8A80D00A65E6A /* Resources */ = {
			isa = PBXResourcesBuildPhase;
			buildActionMask = 2147483647;
			files = (
				31D25FC426D8A81200A65E6A /* LaunchScreen.storyboard in Resources */,
				31D25FC126D8A81200A65E6A /* Assets.xcassets in Resources */,
				31D25FBF26D8A80D00A65E6A /* Main.storyboard in Resources */,
			);
			runOnlyForDeploymentPostprocessing = 0;
		};
		31D25FC826D8A81300A65E6A /* Resources */ = {
			isa = PBXResourcesBuildPhase;
			buildActionMask = 2147483647;
			files = (
			);
			runOnlyForDeploymentPostprocessing = 0;
		};
		31D25FD326D8A81300A65E6A /* Resources */ = {
			isa = PBXResourcesBuildPhase;
			buildActionMask = 2147483647;
			files = (
			);
			runOnlyForDeploymentPostprocessing = 0;
		};
/* End PBXResourcesBuildPhase section */

/* Begin PBXSourcesBuildPhase section */
		31D25FB026D8A80D00A65E6A /* Sources */ = {
			isa = PBXSourcesBuildPhase;
			buildActionMask = 2147483647;
			files = (
				31D25FBC26D8A80D00A65E6A /* ViewController.swift in Sources */,
				31D25FB826D8A80D00A65E6A /* AppDelegate.swift in Sources */,
				31D25FBA26D8A80D00A65E6A /* SceneDelegate.swift in Sources */,
			);
			runOnlyForDeploymentPostprocessing = 0;
		};
		31D25FC626D8A81300A65E6A /* Sources */ = {
			isa = PBXSourcesBuildPhase;
			buildActionMask = 2147483647;
			files = (
				31D25FCF26D8A81300A65E6A /* PreworkTests.swift in Sources */,
			);
			runOnlyForDeploymentPostprocessing = 0;
		};
		31D25FD126D8A81300A65E6A /* Sources */ = {
			isa = PBXSourcesBuildPhase;
			buildActionMask = 2147483647;
			files = (
				31D25FDA26D8A81300A65E6A /* PreworkUITests.swift in Sources */,
			);
			runOnlyForDeploymentPostprocessing = 0;
		};
/* End PBXSourcesBuildPhase section */

/* Begin PBXTargetDependency section */
		31D25FCC26D8A81300A65E6A /* PBXTargetDependency */ = {
			isa = PBXTargetDependency;
			target = 31D25FB326D8A80D00A65E6A /* Prework */;
			targetProxy = 31D25FCB26D8A81300A65E6A /* PBXContainerItemProxy */;
		};
		31D25FD726D8A81300A65E6A /* PBXTargetDependency */ = {
			isa = PBXTargetDependency;
			target = 31D25FB326D8A80D00A65E6A /* Prework */;
			targetProxy = 31D25FD626D8A81300A65E6A /* PBXContainerItemProxy */;
		};
/* End PBXTargetDependency section */

/* Begin PBXVariantGroup section */
		31D25FBD26D8A80D00A65E6A /* Main.storyboard */ = {
			isa = PBXVariantGroup;
			children = (
				31D25FBE26D8A80D00A65E6A /* Base */,
			);
			name = Main.storyboard;
			sourceTree = "<group>";
		};
		31D25FC226D8A81200A65E6A /* LaunchScreen.storyboard */ = {
			isa = PBXVariantGroup;
			children = (
				31D25FC326D8A81200A65E6A /* Base */,
			);
			name = LaunchScreen.storyboard;
			sourceTree = "<group>";
		};
/* End PBXVariantGroup section */

/* Begin XCBuildConfiguration section */
		31D25FDC26D8A81300A65E6A /* Debug */ = {
			isa = XCBuildConfiguration;
			buildSettings = {
				ALWAYS_SEARCH_USER_PATHS = NO;
				CLANG_ANALYZER_NONNULL = YES;
				CLANG_ANALYZER_NUMBER_OBJECT_CONVERSION = YES_AGGRESSIVE;
				CLANG_CXX_LANGUAGE_STANDARD = "gnu++14";
				CLANG_CXX_LIBRARY = "libc++";
				CLANG_ENABLE_MODULES = YES;
				CLANG_ENABLE_OBJC_ARC = YES;
				CLANG_ENABLE_OBJC_WEAK = YES;
				CLANG_WARN_BLOCK_CAPTURE_AUTORELEASING = YES;
				CLANG_WARN_BOOL_CONVERSION = YES;
				CLANG_WARN_COMMA = YES;
				CLANG_WARN_CONSTANT_CONVERSION = YES;
				CLANG_WARN_DEPRECATED_OBJC_IMPLEMENTATIONS = YES;
				CLANG_WARN_DIRECT_OBJC_ISA_USAGE = YES_ERROR;
				CLANG_WARN_DOCUMENTATION_COMMENTS = YES;
				CLANG_WARN_EMPTY_BODY = YES;
				CLANG_WARN_ENUM_CONVERSION = YES;
				CLANG_WARN_INFINITE_RECURSION = YES;
				CLANG_WARN_INT_CONVERSION = YES;
				CLANG_WARN_NON_LITERAL_NULL_CONVERSION = YES;
				CLANG_WARN_OBJC_IMPLICIT_RETAIN_SELF = YES;
				CLANG_WARN_OBJC_LITERAL_CONVERSION = YES;
				CLANG_WARN_OBJC_ROOT_CLASS = YES_ERROR;
				CLANG_WARN_QUOTED_INCLUDE_IN_FRAMEWORK_HEADER = YES;
				CLANG_WARN_RANGE_LOOP_ANALYSIS = YES;
				CLANG_WARN_STRICT_PROTOTYPES = YES;
				CLANG_WARN_SUSPICIOUS_MOVE = YES;
				CLANG_WARN_UNGUARDED_AVAILABILITY = YES_AGGRESSIVE;
				CLANG_WARN_UNREACHABLE_CODE = YES;
				CLANG_WARN__DUPLICATE_METHOD_MATCH = YES;
				COPY_PHASE_STRIP = NO;
				DEBUG_INFORMATION_FORMAT = dwarf;
				ENABLE_STRICT_OBJC_MSGSEND = YES;
				ENABLE_TESTABILITY = YES;
				GCC_C_LANGUAGE_STANDARD = gnu11;
				GCC_DYNAMIC_NO_PIC = NO;
				GCC_NO_COMMON_BLOCKS = YES;
				GCC_OPTIMIZATION_LEVEL = 0;
				GCC_PREPROCESSOR_DEFINITIONS = (
					"DEBUG=1",
					"$(inherited)",
				);
				GCC_WARN_64_TO_32_BIT_CONVERSION = YES;
				GCC_WARN_ABOUT_RETURN_TYPE = YES_ERROR;
				GCC_WARN_UNDECLARED_SELECTOR = YES;
				GCC_WARN_UNINITIALIZED_AUTOS = YES_AGGRESSIVE;
				GCC_WARN_UNUSED_FUNCTION = YES;
				GCC_WARN_UNUSED_VARIABLE = YES;
				IPHONEOS_DEPLOYMENT_TARGET = 14.5;
				MTL_ENABLE_DEBUG_INFO = INCLUDE_SOURCE;
				MTL_FAST_MATH = YES;
				ONLY_ACTIVE_ARCH = YES;
				SDKROOT = iphoneos;
				SWIFT_ACTIVE_COMPILATION_CONDITIONS = DEBUG;
				SWIFT_OPTIMIZATION_LEVEL = "-Onone";
			};
			name = Debug;
		};
		31D25FDD26D8A81300A65E6A /* Release */ = {
			isa = XCBuildConfiguration;
			buildSettings = {
				ALWAYS_SEARCH_USER_PATHS = NO;
				CLANG_ANALYZER_NONNULL = YES;
				CLANG_ANALYZER_NUMBER_OBJECT_CONVERSION = YES_AGGRESSIVE;
				CLANG_CXX_LANGUAGE_STANDARD = "gnu++14";
				CLANG_CXX_LIBRARY = "libc++";
				CLANG_ENABLE_MODULES = YES;
				CLANG_ENABLE_OBJC_ARC = YES;
				CLANG_ENABLE_OBJC_WEAK = YES;
				CLANG_WARN_BLOCK_CAPTURE_AUTORELEASING = YES;
				CLANG_WARN_BOOL_CONVERSION = YES;
				CLANG_WARN_COMMA = YES;
				CLANG_WARN_CONSTANT_CONVERSION = YES;
				CLANG_WARN_DEPRECATED_OBJC_IMPLEMENTATIONS = YES;
				CLANG_WARN_DIRECT_OBJC_ISA_USAGE = YES_ERROR;
				CLANG_WARN_DOCUMENTATION_COMMENTS = YES;
				CLANG_WARN_EMPTY_BODY = YES;
				CLANG_WARN_ENUM_CONVERSION = YES;
				CLANG_WARN_INFINITE_RECURSION = YES;
				CLANG_WARN_INT_CONVERSION = YES;
				CLANG_WARN_NON_LITERAL_NULL_CONVERSION = YES;
				CLANG_WARN_OBJC_IMPLICIT_RETAIN_SELF = YES;
				CLANG_WARN_OBJC_LITERAL_CONVERSION = YES;
				CLANG_WARN_OBJC_ROOT_CLASS = YES_ERROR;
				CLANG_WARN_QUOTED_INCLUDE_IN_FRAMEWORK_HEADER = YES;
				CLANG_WARN_RANGE_LOOP_ANALYSIS = YES;
				CLANG_WARN_STRICT_PROTOTYPES = YES;
				CLANG_WARN_SUSPICIOUS_MOVE = YES;
				CLANG_WARN_UNGUARDED_AVAILABILITY = YES_AGGRESSIVE;
				CLANG_WARN_UNREACHABLE_CODE = YES;
				CLANG_WARN__DUPLICATE_METHOD_MATCH = YES;
				COPY_PHASE_STRIP = NO;
				DEBUG_INFORMATION_FORMAT = "dwarf-with-dsym";
				ENABLE_NS_ASSERTIONS = NO;
				ENABLE_STRICT_OBJC_MSGSEND = YES;
				GCC_C_LANGUAGE_STANDARD = gnu11;
				GCC_NO_COMMON_BLOCKS = YES;
				GCC_WARN_64_TO_32_BIT_CONVERSION = YES;
				GCC_WARN_ABOUT_RETURN_TYPE = YES_ERROR;
				GCC_WARN_UNDECLARED_SELECTOR = YES;
				GCC_WARN_UNINITIALIZED_AUTOS = YES_AGGRESSIVE;
				GCC_WARN_UNUSED_FUNCTION = YES;
				GCC_WARN_UNUSED_VARIABLE = YES;
				IPHONEOS_DEPLOYMENT_TARGET = 14.5;
				MTL_ENABLE_DEBUG_INFO = NO;
				MTL_FAST_MATH = YES;
				SDKROOT = iphoneos;
				SWIFT_COMPILATION_MODE = wholemodule;
				SWIFT_OPTIMIZATION_LEVEL = "-O";
				VALIDATE_PRODUCT = YES;
			};
			name = Release;
		};
		31D25FDF26D8A81300A65E6A /* Debug */ = {
			isa = XCBuildConfiguration;
			buildSettings = {
				ASSETCATALOG_COMPILER_APPICON_NAME = AppIcon;
				ASSETCATALOG_COMPILER_GLOBAL_ACCENT_COLOR_NAME = AccentColor;
				CODE_SIGN_STYLE = Automatic;
				INFOPLIST_FILE = Prework/Info.plist;
				LD_RUNPATH_SEARCH_PATHS = (
					"$(inherited)",
					"@executable_path/Frameworks",
				);
				PRODUCT_BUNDLE_IDENTIFIER = sivatheja.dev.Prework;
				PRODUCT_NAME = "$(TARGET_NAME)";
				SWIFT_VERSION = 5.0;
				TARGETED_DEVICE_FAMILY = "1,2";
			};
			name = Debug;
		};
		31D25FE026D8A81300A65E6A /* Release */ = {
			isa = XCBuildConfiguration;
			buildSettings = {
				ASSETCATALOG_COMPILER_APPICON_NAME = AppIcon;
				ASSETCATALOG_COMPILER_GLOBAL_ACCENT_COLOR_NAME = AccentColor;
				CODE_SIGN_STYLE = Automatic;
				INFOPLIST_FILE = Prework/Info.plist;
				LD_RUNPATH_SEARCH_PATHS = (
					"$(inherited)",
					"@executable_path/Frameworks",
				);
				PRODUCT_BUNDLE_IDENTIFIER = sivatheja.dev.Prework;
				PRODUCT_NAME = "$(TARGET_NAME)";
				SWIFT_VERSION = 5.0;
				TARGETED_DEVICE_FAMILY = "1,2";
			};
			name = Release;
		};
		31D25FE226D8A81300A65E6A /* Debug */ = {
			isa = XCBuildConfiguration;
			buildSettings = {
				ALWAYS_EMBED_SWIFT_STANDARD_LIBRARIES = YES;
				BUNDLE_LOADER = "$(TEST_HOST)";
				CODE_SIGN_STYLE = Automatic;
				INFOPLIST_FILE = PreworkTests/Info.plist;
				IPHONEOS_DEPLOYMENT_TARGET = 14.5;
				LD_RUNPATH_SEARCH_PATHS = (
					"$(inherited)",
					"@executable_path/Frameworks",
					"@loader_path/Frameworks",
				);
				PRODUCT_BUNDLE_IDENTIFIER = sivatheja.dev.PreworkTests;
				PRODUCT_NAME = "$(TARGET_NAME)";
				SWIFT_VERSION = 5.0;
				TARGETED_DEVICE_FAMILY = "1,2";
				TEST_HOST = "$(BUILT_PRODUCTS_DIR)/Prework.app/Prework";
			};
			name = Debug;
		};
		31D25FE326D8A81300A65E6A /* Release */ = {
			isa = XCBuildConfiguration;
			buildSettings = {
				ALWAYS_EMBED_SWIFT_STANDARD_LIBRARIES = YES;
				BUNDLE_LOADER = "$(TEST_HOST)";
				CODE_SIGN_STYLE = Automatic;
				INFOPLIST_FILE = PreworkTests/Info.plist;
				IPHONEOS_DEPLOYMENT_TARGET = 14.5;
				LD_RUNPATH_SEARCH_PATHS = (
					"$(inherited)",
					"@executable_path/Frameworks",
					"@loader_path/Frameworks",
				);
				PRODUCT_BUNDLE_IDENTIFIER = sivatheja.dev.PreworkTests;
				PRODUCT_NAME = "$(TARGET_NAME)";
				SWIFT_VERSION = 5.0;
				TARGETED_DEVICE_FAMILY = "1,2";
				TEST_HOST = "$(BUILT_PRODUCTS_DIR)/Prework.app/Prework";
			};
			name = Release;
		};
		31D25FE526D8A81300A65E6A /* Debug */ = {
			isa = XCBuildConfiguration;
			buildSettings = {
				ALWAYS_EMBED_SWIFT_STANDARD_LIBRARIES = YES;
				CODE_SIGN_STYLE = Automatic;
				INFOPLIST_FILE = PreworkUITests/Info.plist;
				LD_RUNPATH_SEARCH_PATHS = (
					"$(inherited)",
					"@executable_path/Frameworks",
					"@loader_path/Frameworks",
				);
				PRODUCT_BUNDLE_IDENTIFIER = sivatheja.dev.PreworkUITests;
				PRODUCT_NAME = "$(TARGET_NAME)";
				SWIFT_VERSION = 5.0;
				TARGETED_DEVICE_FAMILY = "1,2";
				TEST_TARGET_NAME = Prework;
			};
			name = Debug;
		};
		31D25FE626D8A81300A65E6A /* Release */ = {
			isa = XCBuildConfiguration;
			buildSettings = {
				ALWAYS_EMBED_SWIFT_STANDARD_LIBRARIES = YES;
				CODE_SIGN_STYLE = Automatic;
				INFOPLIST_FILE = PreworkUITests/Info.plist;
				LD_RUNPATH_SEARCH_PATHS = (
					"$(inherited)",
					"@executable_path/Frameworks",
					"@loader_path/Frameworks",
				);
				PRODUCT_BUNDLE_IDENTIFIER = sivatheja.dev.PreworkUITests;
				PRODUCT_NAME = "$(TARGET_NAME)";
				SWIFT_VERSION = 5.0;
				TARGETED_DEVICE_FAMILY = "1,2";
				TEST_TARGET_NAME = Prework;
			};
			name = Release;
		};
/* End XCBuildConfiguration section */

/* Begin XCConfigurationList section */
		31D25FAF26D8A80D00A65E6A /* Build configuration list for PBXProject "Prework" */ = {
			isa = XCConfigurationList;
			buildConfigurations = (
				31D25FDC26D8A81300A65E6A /* Debug */,
				31D25FDD26D8A81300A65E6A /* Release */,
			);
			defaultConfigurationIsVisible = 0;
			defaultConfigurationName = Release;
		};
		31D25FDE26D8A81300A65E6A /* Build configuration list for PBXNativeTarget "Prework" */ = {
			isa = XCConfigurationList;
			buildConfigurations = (
				31D25FDF26D8A81300A65E6A /* Debug */,
				31D25FE026D8A81300A65E6A /* Release */,
			);
			defaultConfigurationIsVisible = 0;
			defaultConfigurationName = Release;
		};
		31D25FE126D8A81300A65E6A /* Build configuration list for PBXNativeTarget "PreworkTests" */ = {
			isa = XCConfigurationList;
			buildConfigurations = (
				31D25FE226D8A81300A65E6A /* Debug */,
				31D25FE326D8A81300A65E6A /* Release */,
			);
			defaultConfigurationIsVisible = 0;
			defaultConfigurationName = Release;
		};
		31D25FE426D8A81300A65E6A /* Build configuration list for PBXNativeTarget "PreworkUITests" */ = {
			isa = XCConfigurationList;
			buildConfigurations = (
				31D25FE526D8A81300A65E6A /* Debug */,
				31D25FE626D8A81300A65E6A /* Release */,
			);
			defaultConfigurationIsVisible = 0;
			defaultConfigurationName = Release;
		};
/* End XCConfigurationList section */
	};
	rootObject = 31D25FAC26D8A80D00A65E6A /* Project object */;
}
